{
    "_readme": [
        "This file locks the dependencies of your project to a known state",
        "Read more about it at https://getcomposer.org/doc/01-basic-usage.md#installing-dependencies",
        "This file is @generated automatically"
    ],
    "content-hash": "8f917dcbaa719346851cb411b4b3bd54",
    "packages": [],
    "packages-dev": [
        {
            "name": "mindplay/testies",
            "version": "1.0.0.x-dev",
            "source": {
                "type": "git",
                "url": "https://mindplaydk@bitbucket.org/mindplaydk/testies.git",
                "reference": "dbc8bf7838a871eb3afa586d72044c40a0e029b1"
            },
            "require": {
                "php": "^7.3 || ^8.0"
            },
            "require-dev": {
                "guzzlehttp/guzzle": "^6.3.3",
                "phpunit/php-code-coverage": "^9.2.5"
            },
            "suggest": {
                "phpunit/php-code-coverage": "^9.2.5"
            },
            "default-branch": true,
            "type": "library",
            "autoload": {
                "files": [
                    "src/test.func.php"
                ],
                "psr-4": {
                    "mindplay\\testies\\": "src/"
                }
            },
            "license": [
                "MIT"
            ],
            "authors": [
                {
                    "name": "Rasmus Schultz",
                    "email": "rasmus@mindplay.dk"
                }
            ],
            "description": "Yeah, testies: a lightweight library for quick, simple unit-testing",
            "time": "2020-12-22T19:19:14+00:00"
        }
    ],
    "aliases": [],
    "minimum-stability": "stable",
    "stability-flags": {
        "mindplay/testies": 20
    },
    "prefer-stable": false,
    "prefer-lowest": false,
    "platform": {
        "php": ">=5.4.0"
    },
    "platform-dev": [],
    "plugin-api-version": "2.0.0"
}
