{
    "_readme": [
        "This file locks the dependencies of your project to a known state",
        "Read more about it at https://getcomposer.org/doc/01-basic-usage.md#installing-dependencies",
        "This file is @generated automatically"
    ],
    "content-hash": "b281e570e08f200971368698ff0dd7b4",
    "packages": [],
    "packages-dev": [
        {
            "name": "mindplay/testies",
            "version": "1.1.2",
            "source": {
                "type": "git",
                "url": "https://github.com/mindplay-dk/testies.git",
                "reference": "c06cf38d3cf3d363e52419b48bd6cd218ebfb822"
            },
            "dist": {
                "type": "zip",
                "url": "https://api.github.com/repos/mindplay-dk/testies/zipball/c06cf38d3cf3d363e52419b48bd6cd218ebfb822",
                "reference": "c06cf38d3cf3d363e52419b48bd6cd218ebfb822",
                "shasum": ""
            },
            "require": {
                "php": "^8.0"
            },
            "require-dev": {
                "mindplay/readable": "^1.2",
                "nyholm/psr7": "^1.8",
                "phpunit/php-code-coverage": "^9 || ^10 || ^11",
                "zaphyr-org/http-client": "^1.0"
            },
            "suggest": {
                "phpunit/php-code-coverage": "^9 || ^10 || ^11"
            },
            "type": "library",
            "autoload": {
                "files": [
                    "src/test.func.php"
                ],
                "psr-4": {
                    "mindplay\\testies\\": "src/"
                }
            },
            "notification-url": "https://packagist.org/downloads/",
            "license": [
                "MIT"
            ],
            "authors": [
                {
                    "name": "Rasmus Schultz",
                    "email": "rasmus@mindplay.dk"
                }
            ],
            "description": "Yeah, testies: a lightweight library for quick, simple unit-testing",
            "support": {
                "issues": "https://github.com/mindplay-dk/testies/issues",
                "source": "https://github.com/mindplay-dk/testies/tree/1.1.2"
            },
            "time": "2024-03-10T15:15:26+00:00"
        }
    ],
    "aliases": [],
    "minimum-stability": "stable",
    "stability-flags": [],
    "prefer-stable": false,
    "prefer-lowest": false,
    "platform": {
        "php": "^8.0"
    },
    "platform-dev": [],
    "plugin-api-version": "2.6.0"
}
